
Microsoft Visual Studio Solution File, Format Version 12.00
# Visual Studio 14
VisualStudioVersion = 14.0.25420.1
MinimumVisualStudioVersion = 10.0.40219.1
Project("{FAE04EC0-301F-11D3-BF4B-00C04F79EFBC}") = "AS5", "AS5\AS5.csproj", "{1BBDADF0-1A33-4EBD-AD62-CA0BAD6C8866}"
EndProject
Global
	GlobalSection(SolutionConfigurationPlatforms) = preSolution
		Debug|Any CPU = Debug|Any CPU
		Release|Any CPU = Release|Any CPU
	EndGlobalSection
	GlobalSection(ProjectConfigurationPlatforms) = postSolution
		{1BBDADF0-1A33-4EBD-AD62-CA0BAD6C8866}.Debug|Any CPU.ActiveCfg = Debug|Any CPU
		{1BBDADF0-1A33-4EBD-AD62-CA0BAD6C8866}.Debug|Any CPU.Build.0 = Debug|Any CPU
		{1BBDADF0-1A33-4EBD-AD62-CA0BAD6C8866}.Release|Any CPU.ActiveCfg = Release|Any CPU
		{1BBDADF0-1A33-4EBD-AD62-CA0BAD6C8866}.Release|Any CPU.Build.0 = Release|Any CPU
	EndGlobalSection
	GlobalSection(SolutionProperties) = preSolution
		HideSolutionNode = FALSE
	EndGlobalSection
EndGlobal
