
Microsoft Visual Studio Solution File, Format Version 12.00
# Visual Studio 14
VisualStudioVersion = 14.0.25420.1
MinimumVisualStudioVersion = 10.0.40219.1
Project("{FAE04EC0-301F-11D3-BF4B-00C04F79EFBC}") = "AS5", "AS5\AS5.csproj", "{1BBDADF0-1A33-4EBD-AD62-CA0BAD6C8866}"
EndProject
Project("{FAE04EC0-301F-11D3-BF4B-00C04F79EFBC}") = "AS06", "AS06\AS06.csproj", "{42997A7A-A6F7-4869-A1FB-62C60F4896DE}"
EndProject
Project("{FAE04EC0-301F-11D3-BF4B-00C04F79EFBC}") = "AS07", "AS07\AS07.csproj", "{7CE72016-552B-4AC7-9DEA-CBF249802F90}"
EndProject
Project("{FAE04EC0-301F-11D3-BF4B-00C04F79EFBC}") = "AS08", "AS08\AS08.csproj", "{459298B7-6C93-48E7-9EA2-D3E4D12F1FA2}"
EndProject
Project("{FAE04EC0-301F-11D3-BF4B-00C04F79EFBC}") = "AS09", "AS09\AS09.csproj", "{983B3BE8-AF33-4B50-BC53-C08255695A05}"
EndProject
Project("{FAE04EC0-301F-11D3-BF4B-00C04F79EFBC}") = "AS10", "AS10\AS10.csproj", "{53D6C377-8603-4209-B8B0-7BC9602311E6}"
EndProject
Project("{FAE04EC0-301F-11D3-BF4B-00C04F79EFBC}") = "AS11", "AS11\AS11.csproj", "{468C216B-016E-4E29-BB0E-228AAA665852}"
EndProject
Global
	GlobalSection(SolutionConfigurationPlatforms) = preSolution
		Debug|Any CPU = Debug|Any CPU
		Release|Any CPU = Release|Any CPU
	EndGlobalSection
	GlobalSection(ProjectConfigurationPlatforms) = postSolution
		{1BBDADF0-1A33-4EBD-AD62-CA0BAD6C8866}.Debug|Any CPU.ActiveCfg = Debug|Any CPU
		{1BBDADF0-1A33-4EBD-AD62-CA0BAD6C8866}.Debug|Any CPU.Build.0 = Debug|Any CPU
		{1BBDADF0-1A33-4EBD-AD62-CA0BAD6C8866}.Release|Any CPU.ActiveCfg = Release|Any CPU
		{1BBDADF0-1A33-4EBD-AD62-CA0BAD6C8866}.Release|Any CPU.Build.0 = Release|Any CPU
		{42997A7A-A6F7-4869-A1FB-62C60F4896DE}.Debug|Any CPU.ActiveCfg = Debug|Any CPU
		{42997A7A-A6F7-4869-A1FB-62C60F4896DE}.Debug|Any CPU.Build.0 = Debug|Any CPU
		{42997A7A-A6F7-4869-A1FB-62C60F4896DE}.Release|Any CPU.ActiveCfg = Release|Any CPU
		{42997A7A-A6F7-4869-A1FB-62C60F4896DE}.Release|Any CPU.Build.0 = Release|Any CPU
		{7CE72016-552B-4AC7-9DEA-CBF249802F90}.Debug|Any CPU.ActiveCfg = Debug|Any CPU
		{7CE72016-552B-4AC7-9DEA-CBF249802F90}.Debug|Any CPU.Build.0 = Debug|Any CPU
		{7CE72016-552B-4AC7-9DEA-CBF249802F90}.Release|Any CPU.ActiveCfg = Release|Any CPU
		{7CE72016-552B-4AC7-9DEA-CBF249802F90}.Release|Any CPU.Build.0 = Release|Any CPU
		{459298B7-6C93-48E7-9EA2-D3E4D12F1FA2}.Debug|Any CPU.ActiveCfg = Debug|Any CPU
		{459298B7-6C93-48E7-9EA2-D3E4D12F1FA2}.Debug|Any CPU.Build.0 = Debug|Any CPU
		{459298B7-6C93-48E7-9EA2-D3E4D12F1FA2}.Release|Any CPU.ActiveCfg = Release|Any CPU
		{459298B7-6C93-48E7-9EA2-D3E4D12F1FA2}.Release|Any CPU.Build.0 = Release|Any CPU
		{983B3BE8-AF33-4B50-BC53-C08255695A05}.Debug|Any CPU.ActiveCfg = Debug|Any CPU
		{983B3BE8-AF33-4B50-BC53-C08255695A05}.Debug|Any CPU.Build.0 = Debug|Any CPU
		{983B3BE8-AF33-4B50-BC53-C08255695A05}.Release|Any CPU.ActiveCfg = Release|Any CPU
		{983B3BE8-AF33-4B50-BC53-C08255695A05}.Release|Any CPU.Build.0 = Release|Any CPU
		{53D6C377-8603-4209-B8B0-7BC9602311E6}.Debug|Any CPU.ActiveCfg = Debug|Any CPU
		{53D6C377-8603-4209-B8B0-7BC9602311E6}.Debug|Any CPU.Build.0 = Debug|Any CPU
		{53D6C377-8603-4209-B8B0-7BC9602311E6}.Release|Any CPU.ActiveCfg = Release|Any CPU
		{53D6C377-8603-4209-B8B0-7BC9602311E6}.Release|Any CPU.Build.0 = Release|Any CPU
		{468C216B-016E-4E29-BB0E-228AAA665852}.Debug|Any CPU.ActiveCfg = Debug|Any CPU
		{468C216B-016E-4E29-BB0E-228AAA665852}.Debug|Any CPU.Build.0 = Debug|Any CPU
		{468C216B-016E-4E29-BB0E-228AAA665852}.Release|Any CPU.ActiveCfg = Release|Any CPU
		{468C216B-016E-4E29-BB0E-228AAA665852}.Release|Any CPU.Build.0 = Release|Any CPU
	EndGlobalSection
	GlobalSection(SolutionProperties) = preSolution
		HideSolutionNode = FALSE
	EndGlobalSection
EndGlobal
